
Microsoft Visual Studio Solution File, Format Version 12.00
# Visual Studio Version 16
VisualStudioVersion = 16.0.28803.156
MinimumVisualStudioVersion = 10.0.40219.1
Project("{FAE04EC0-301F-11D3-BF4B-00C04F79EFBC}") = "ConsoleDemo", "ConsoleDemo\ConsoleDemo.csproj", "{30D80177-3154-4DEC-A492-B3BDC271FDE9}"
EndProject
Global
	GlobalSection(SolutionConfigurationPlatforms) = preSolution
		Debug|Any CPU = Debug|Any CPU
		Release|Any CPU = Release|Any CPU
	EndGlobalSection
	GlobalSection(ProjectConfigurationPlatforms) = postSolution
		{30D80177-3154-4DEC-A492-B3BDC271FDE9}.Debug|Any CPU.ActiveCfg = Debug|Any CPU
		{30D80177-3154-4DEC-A492-B3BDC271FDE9}.Debug|Any CPU.Build.0 = Debug|Any CPU
		{30D80177-3154-4DEC-A492-B3BDC271FDE9}.Release|Any CPU.ActiveCfg = Release|Any CPU
		{30D80177-3154-4DEC-A492-B3BDC271FDE9}.Release|Any CPU.Build.0 = Release|Any CPU
	EndGlobalSection
	GlobalSection(SolutionProperties) = preSolution
		HideSolutionNode = FALSE
	EndGlobalSection
	GlobalSection(ExtensibilityGlobals) = postSolution
		SolutionGuid = {DA99C52D-B95B-4295-A789-E6204EAA6601}
	EndGlobalSection
EndGlobal
