
Microsoft Visual Studio Solution File, Format Version 12.00
# Visual Studio Version 16
VisualStudioVersion = 16.0.28803.156
MinimumVisualStudioVersion = 10.0.40219.1
Project("{FAE04EC0-301F-11D3-BF4B-00C04F79EFBC}") = "LocalFileSharing.Network", "LocalFileSharing.Network\LocalFileSharing.Network.csproj", "{02B56641-6AB7-405C-8B08-ADD596DF687C}"
EndProject
Project("{FAE04EC0-301F-11D3-BF4B-00C04F79EFBC}") = "LocalFileSharing.ConsoleServerDemo", "LocalFileSharing.ConsoleServerDemo\LocalFileSharing.ConsoleServerDemo.csproj", "{64CEB93D-F38C-4A68-99A4-737E0A9A31A5}"
EndProject
Project("{FAE04EC0-301F-11D3-BF4B-00C04F79EFBC}") = "LocalFileSharing.ConsoleClientDemo", "LocalFileSharing.ConsoleClientDemo\LocalFileSharing.ConsoleClientDemo.csproj", "{0E2F6D85-50B3-4862-B9D3-61934ACA120B}"
EndProject
Project("{9A19103F-16F7-4668-BE54-9A1E7A4F7556}") = "LocalFileSharing.UnitTests", "LocalFileSharing.UnitTests\LocalFileSharing.UnitTests.csproj", "{8A52E683-638A-4951-B68A-A3476FA8158A}"
EndProject
Project("{FAE04EC0-301F-11D3-BF4B-00C04F79EFBC}") = "LocalFileSharing.Domain", "LocalFileSharing.Domain\LocalFileSharing.Domain.csproj", "{E02AFB37-A24B-4274-9B47-01C132AE7802}"
EndProject
Global
	GlobalSection(SolutionConfigurationPlatforms) = preSolution
		Debug|Any CPU = Debug|Any CPU
		Release|Any CPU = Release|Any CPU
	EndGlobalSection
	GlobalSection(ProjectConfigurationPlatforms) = postSolution
		{02B56641-6AB7-405C-8B08-ADD596DF687C}.Debug|Any CPU.ActiveCfg = Debug|Any CPU
		{02B56641-6AB7-405C-8B08-ADD596DF687C}.Debug|Any CPU.Build.0 = Debug|Any CPU
		{02B56641-6AB7-405C-8B08-ADD596DF687C}.Release|Any CPU.ActiveCfg = Release|Any CPU
		{02B56641-6AB7-405C-8B08-ADD596DF687C}.Release|Any CPU.Build.0 = Release|Any CPU
		{64CEB93D-F38C-4A68-99A4-737E0A9A31A5}.Debug|Any CPU.ActiveCfg = Debug|Any CPU
		{64CEB93D-F38C-4A68-99A4-737E0A9A31A5}.Debug|Any CPU.Build.0 = Debug|Any CPU
		{64CEB93D-F38C-4A68-99A4-737E0A9A31A5}.Release|Any CPU.ActiveCfg = Release|Any CPU
		{64CEB93D-F38C-4A68-99A4-737E0A9A31A5}.Release|Any CPU.Build.0 = Release|Any CPU
		{0E2F6D85-50B3-4862-B9D3-61934ACA120B}.Debug|Any CPU.ActiveCfg = Debug|Any CPU
		{0E2F6D85-50B3-4862-B9D3-61934ACA120B}.Debug|Any CPU.Build.0 = Debug|Any CPU
		{0E2F6D85-50B3-4862-B9D3-61934ACA120B}.Release|Any CPU.ActiveCfg = Release|Any CPU
		{0E2F6D85-50B3-4862-B9D3-61934ACA120B}.Release|Any CPU.Build.0 = Release|Any CPU
		{8A52E683-638A-4951-B68A-A3476FA8158A}.Debug|Any CPU.ActiveCfg = Debug|Any CPU
		{8A52E683-638A-4951-B68A-A3476FA8158A}.Debug|Any CPU.Build.0 = Debug|Any CPU
		{8A52E683-638A-4951-B68A-A3476FA8158A}.Release|Any CPU.ActiveCfg = Release|Any CPU
		{8A52E683-638A-4951-B68A-A3476FA8158A}.Release|Any CPU.Build.0 = Release|Any CPU
		{E02AFB37-A24B-4274-9B47-01C132AE7802}.Debug|Any CPU.ActiveCfg = Debug|Any CPU
		{E02AFB37-A24B-4274-9B47-01C132AE7802}.Debug|Any CPU.Build.0 = Debug|Any CPU
		{E02AFB37-A24B-4274-9B47-01C132AE7802}.Release|Any CPU.ActiveCfg = Release|Any CPU
		{E02AFB37-A24B-4274-9B47-01C132AE7802}.Release|Any CPU.Build.0 = Release|Any CPU
	EndGlobalSection
	GlobalSection(SolutionProperties) = preSolution
		HideSolutionNode = FALSE
	EndGlobalSection
	GlobalSection(ExtensibilityGlobals) = postSolution
		SolutionGuid = {DA99C52D-B95B-4295-A789-E6204EAA6601}
	EndGlobalSection
EndGlobal
